// !$*UTF8*$!
{
	archiveVersion = 1;
	classes = {
	};
	objectVersion = 56;
	objects = {

/* Begin PBXBuildFile section */
		4E3FF8F92B2D73C500A59721 /* CoinDataService.swift in Sources */ = {isa = PBXBuildFile; fileRef = 4E3FF8F82B2D73C500A59721 /* CoinDataService.swift */; };
		4E68A8F72B6B852D00BA7317 /* Coin.swift in Sources */ = {isa = PBXBuildFile; fileRef = 4E68A8F62B6B852D00BA7317 /* Coin.swift */; };
		4E7A44692B6EDA23008A298C /* CoinAPIError.swift in Sources */ = {isa = PBXBuildFile; fileRef = 4E7A44682B6EDA22008A298C /* CoinAPIError.swift */; };
		4ED496412B2ACEF000BE66F4 /* Coingecko_App.swift in Sources */ = {isa = PBXBuildFile; fileRef = 4ED496402B2ACEF000BE66F4 /* Coingecko_App.swift */; };
		4ED496432B2ACEF000BE66F4 /* ContentView.swift in Sources */ = {isa = PBXBuildFile; fileRef = 4ED496422B2ACEF000BE66F4 /* ContentView.swift */; };
		4ED496452B2ACEF300BE66F4 /* Assets.xcassets in Resources */ = {isa = PBXBuildFile; fileRef = 4ED496442B2ACEF300BE66F4 /* Assets.xcassets */; };
		4ED496482B2ACEF300BE66F4 /* Preview Assets.xcassets in Resources */ = {isa = PBXBuildFile; fileRef = 4ED496472B2ACEF300BE66F4 /* Preview Assets.xcassets */; };
		4ED496522B2ACEF300BE66F4 /* Coingecko_AppTests.swift in Sources */ = {isa = PBXBuildFile; fileRef = 4ED496512B2ACEF300BE66F4 /* Coingecko_AppTests.swift */; };
		4ED4965C2B2ACEF300BE66F4 /* Coingecko_AppUITests.swift in Sources */ = {isa = PBXBuildFile; fileRef = 4ED4965B2B2ACEF300BE66F4 /* Coingecko_AppUITests.swift */; };
		4ED4965E2B2ACEF300BE66F4 /* Coingecko_AppUITestsLaunchTests.swift in Sources */ = {isa = PBXBuildFile; fileRef = 4ED4965D2B2ACEF300BE66F4 /* Coingecko_AppUITestsLaunchTests.swift */; };
		4ED496722B2AD6C400BE66F4 /* CoinsViewModel.swift in Sources */ = {isa = PBXBuildFile; fileRef = 4ED496712B2AD6C400BE66F4 /* CoinsViewModel.swift */; };
/* End PBXBuildFile section */

/* Begin PBXContainerItemProxy section */
		4ED4964E2B2ACEF300BE66F4 /* PBXContainerItemProxy */ = {
			isa = PBXContainerItemProxy;
			containerPortal = 4ED496352B2ACEF000BE66F4 /* Project object */;
			proxyType = 1;
			remoteGlobalIDString = 4ED4963C2B2ACEF000BE66F4;
			remoteInfo = "Coingecko-App";
		};
		4ED496582B2ACEF300BE66F4 /* PBXContainerItemProxy */ = {
			isa = PBXContainerItemProxy;
			containerPortal = 4ED496352B2ACEF000BE66F4 /* Project object */;
			proxyType = 1;
			remoteGlobalIDString = 4ED4963C2B2ACEF000BE66F4;
			remoteInfo = "Coingecko-App";
		};
/* End PBXContainerItemProxy section */

/* Begin PBXFileReference section */
		4E3FF8F82B2D73C500A59721 /* CoinDataService.swift */ = {isa = PBXFileReference; lastKnownFileType = sourcecode.swift; path = CoinDataService.swift; sourceTree = "<group>"; };
		4E68A8F62B6B852D00BA7317 /* Coin.swift */ = {isa = PBXFileReference; lastKnownFileType = sourcecode.swift; path = Coin.swift; sourceTree = "<group>"; };
		4E7A44682B6EDA22008A298C /* CoinAPIError.swift */ = {isa = PBXFileReference; lastKnownFileType = sourcecode.swift; path = CoinAPIError.swift; sourceTree = "<group>"; };
		4ED4963D2B2ACEF000BE66F4 /* Coingecko-App.app */ = {isa = PBXFileReference; explicitFileType = wrapper.application; includeInIndex = 0; path = "Coingecko-App.app"; sourceTree = BUILT_PRODUCTS_DIR; };
		4ED496402B2ACEF000BE66F4 /* Coingecko_App.swift */ = {isa = PBXFileReference; lastKnownFileType = sourcecode.swift; path = Coingecko_App.swift; sourceTree = "<group>"; };
		4ED496422B2ACEF000BE66F4 /* ContentView.swift */ = {isa = PBXFileReference; lastKnownFileType = sourcecode.swift; path = ContentView.swift; sourceTree = "<group>"; };
		4ED496442B2ACEF300BE66F4 /* Assets.xcassets */ = {isa = PBXFileReference; lastKnownFileType = folder.assetcatalog; path = Assets.xcassets; sourceTree = "<group>"; };
		4ED496472B2ACEF300BE66F4 /* Preview Assets.xcassets */ = {isa = PBXFileReference; lastKnownFileType = folder.assetcatalog; path = "Preview Assets.xcassets"; sourceTree = "<group>"; };
		4ED4964D2B2ACEF300BE66F4 /* Coingecko-AppTests.xctest */ = {isa = PBXFileReference; explicitFileType = wrapper.cfbundle; includeInIndex = 0; path = "Coingecko-AppTests.xctest"; sourceTree = BUILT_PRODUCTS_DIR; };
		4ED496512B2ACEF300BE66F4 /* Coingecko_AppTests.swift */ = {isa = PBXFileReference; lastKnownFileType = sourcecode.swift; path = Coingecko_AppTests.swift; sourceTree = "<group>"; };
		4ED496572B2ACEF300BE66F4 /* Coingecko-AppUITests.xctest */ = {isa = PBXFileReference; explicitFileType = wrapper.cfbundle; includeInIndex = 0; path = "Coingecko-AppUITests.xctest"; sourceTree = BUILT_PRODUCTS_DIR; };
		4ED4965B2B2ACEF300BE66F4 /* Coingecko_AppUITests.swift */ = {isa = PBXFileReference; lastKnownFileType = sourcecode.swift; path = Coingecko_AppUITests.swift; sourceTree = "<group>"; };
		4ED4965D2B2ACEF300BE66F4 /* Coingecko_AppUITestsLaunchTests.swift */ = {isa = PBXFileReference; lastKnownFileType = sourcecode.swift; path = Coingecko_AppUITestsLaunchTests.swift; sourceTree = "<group>"; };
		4ED496712B2AD6C400BE66F4 /* CoinsViewModel.swift */ = {isa = PBXFileReference; lastKnownFileType = sourcecode.swift; path = CoinsViewModel.swift; sourceTree = "<group>"; };
/* End PBXFileReference section */

/* Begin PBXFrameworksBuildPhase section */
		4ED4963A2B2ACEF000BE66F4 /* Frameworks */ = {
			isa = PBXFrameworksBuildPhase;
			buildActionMask = 2147483647;
			files = (
			);
			runOnlyForDeploymentPostprocessing = 0;
		};
		4ED4964A2B2ACEF300BE66F4 /* Frameworks */ = {
			isa = PBXFrameworksBuildPhase;
			buildActionMask = 2147483647;
			files = (
			);
			runOnlyForDeploymentPostprocessing = 0;
		};
		4ED496542B2ACEF300BE66F4 /* Frameworks */ = {
			isa = PBXFrameworksBuildPhase;
			buildActionMask = 2147483647;
			files = (
			);
			runOnlyForDeploymentPostprocessing = 0;
		};
/* End PBXFrameworksBuildPhase section */

/* Begin PBXGroup section */
		4E3FF8F72B2D73B300A59721 /* Service */ = {
			isa = PBXGroup;
			children = (
				4E3FF8F82B2D73C500A59721 /* CoinDataService.swift */,
			);
			path = Service;
			sourceTree = "<group>";
		};
		4ED496342B2ACEF000BE66F4 = {
			isa = PBXGroup;
			children = (
				4ED4963F2B2ACEF000BE66F4 /* Coingecko-App */,
				4ED496502B2ACEF300BE66F4 /* Coingecko-AppTests */,
				4ED4965A2B2ACEF300BE66F4 /* Coingecko-AppUITests */,
				4ED4963E2B2ACEF000BE66F4 /* Products */,
			);
			sourceTree = "<group>";
		};
		4ED4963E2B2ACEF000BE66F4 /* Products */ = {
			isa = PBXGroup;
			children = (
				4ED4963D2B2ACEF000BE66F4 /* Coingecko-App.app */,
				4ED4964D2B2ACEF300BE66F4 /* Coingecko-AppTests.xctest */,
				4ED496572B2ACEF300BE66F4 /* Coingecko-AppUITests.xctest */,
			);
			name = Products;
			sourceTree = "<group>";
		};
		4ED4963F2B2ACEF000BE66F4 /* Coingecko-App */ = {
			isa = PBXGroup;
			children = (
				4ED496702B2AD01900BE66F4 /* App */,
				4ED4966A2B2ACF7900BE66F4 /* Core */,
				4ED496442B2ACEF300BE66F4 /* Assets.xcassets */,
				4ED496462B2ACEF300BE66F4 /* Preview Content */,
			);
			path = "Coingecko-App";
			sourceTree = "<group>";
		};
		4ED496462B2ACEF300BE66F4 /* Preview Content */ = {
			isa = PBXGroup;
			children = (
				4ED496472B2ACEF300BE66F4 /* Preview Assets.xcassets */,
			);
			path = "Preview Content";
			sourceTree = "<group>";
		};
		4ED496502B2ACEF300BE66F4 /* Coingecko-AppTests */ = {
			isa = PBXGroup;
			children = (
				4ED496512B2ACEF300BE66F4 /* Coingecko_AppTests.swift */,
			);
			path = "Coingecko-AppTests";
			sourceTree = "<group>";
		};
		4ED4965A2B2ACEF300BE66F4 /* Coingecko-AppUITests */ = {
			isa = PBXGroup;
			children = (
				4ED4965B2B2ACEF300BE66F4 /* Coingecko_AppUITests.swift */,
				4ED4965D2B2ACEF300BE66F4 /* Coingecko_AppUITestsLaunchTests.swift */,
			);
			path = "Coingecko-AppUITests";
			sourceTree = "<group>";
		};
		4ED4966A2B2ACF7900BE66F4 /* Core */ = {
			isa = PBXGroup;
			children = (
				4ED4966B2B2ACF8C00BE66F4 /* AltCoins */,
			);
			path = Core;
			sourceTree = "<group>";
		};
		4ED4966B2B2ACF8C00BE66F4 /* AltCoins */ = {
			isa = PBXGroup;
			children = (
				4E3FF8F72B2D73B300A59721 /* Service */,
				4ED4966E2B2ACFAE00BE66F4 /* ViewModel */,
				4ED4966D2B2ACFA600BE66F4 /* View */,
				4ED4966C2B2ACF9F00BE66F4 /* Model */,
			);
			path = AltCoins;
			sourceTree = "<group>";
		};
		4ED4966C2B2ACF9F00BE66F4 /* Model */ = {
			isa = PBXGroup;
			children = (
				4E68A8F62B6B852D00BA7317 /* Coin.swift */,
				4E7A44682B6EDA22008A298C /* CoinAPIError.swift */,
			);
			path = Model;
			sourceTree = "<group>";
		};
		4ED4966D2B2ACFA600BE66F4 /* View */ = {
			isa = PBXGroup;
			children = (
				4ED496422B2ACEF000BE66F4 /* ContentView.swift */,
			);
			path = View;
			sourceTree = "<group>";
		};
		4ED4966E2B2ACFAE00BE66F4 /* ViewModel */ = {
			isa = PBXGroup;
			children = (
				4ED496712B2AD6C400BE66F4 /* CoinsViewModel.swift */,
			);
			path = ViewModel;
			sourceTree = "<group>";
		};
		4ED496702B2AD01900BE66F4 /* App */ = {
			isa = PBXGroup;
			children = (
				4ED496402B2ACEF000BE66F4 /* Coingecko_App.swift */,
			);
			path = App;
			sourceTree = "<group>";
		};
/* End PBXGroup section */

/* Begin PBXNativeTarget section */
		4ED4963C2B2ACEF000BE66F4 /* Coingecko-App */ = {
			isa = PBXNativeTarget;
			buildConfigurationList = 4ED496612B2ACEF300BE66F4 /* Build configuration list for PBXNativeTarget "Coingecko-App" */;
			buildPhases = (
				4ED496392B2ACEF000BE66F4 /* Sources */,
				4ED4963A2B2ACEF000BE66F4 /* Frameworks */,
				4ED4963B2B2ACEF000BE66F4 /* Resources */,
			);
			buildRules = (
			);
			dependencies = (
			);
			name = "Coingecko-App";
			productName = "Coingecko-App";
			productReference = 4ED4963D2B2ACEF000BE66F4 /* Coingecko-App.app */;
			productType = "com.apple.product-type.application";
		};
		4ED4964C2B2ACEF300BE66F4 /* Coingecko-AppTests */ = {
			isa = PBXNativeTarget;
			buildConfigurationList = 4ED496642B2ACEF300BE66F4 /* Build configuration list for PBXNativeTarget "Coingecko-AppTests" */;
			buildPhases = (
				4ED496492B2ACEF300BE66F4 /* Sources */,
				4ED4964A2B2ACEF300BE66F4 /* Frameworks */,
				4ED4964B2B2ACEF300BE66F4 /* Resources */,
			);
			buildRules = (
			);
			dependencies = (
				4ED4964F2B2ACEF300BE66F4 /* PBXTargetDependency */,
			);
			name = "Coingecko-AppTests";
			productName = "Coingecko-AppTests";
			productReference = 4ED4964D2B2ACEF300BE66F4 /* Coingecko-AppTests.xctest */;
			productType = "com.apple.product-type.bundle.unit-test";
		};
		4ED496562B2ACEF300BE66F4 /* Coingecko-AppUITests */ = {
			isa = PBXNativeTarget;
			buildConfigurationList = 4ED496672B2ACEF300BE66F4 /* Build configuration list for PBXNativeTarget "Coingecko-AppUITests" */;
			buildPhases = (
				4ED496532B2ACEF300BE66F4 /* Sources */,
				4ED496542B2ACEF300BE66F4 /* Frameworks */,
				4ED496552B2ACEF300BE66F4 /* Resources */,
			);
			buildRules = (
			);
			dependencies = (
				4ED496592B2ACEF300BE66F4 /* PBXTargetDependency */,
			);
			name = "Coingecko-AppUITests";
			productName = "Coingecko-AppUITests";
			productReference = 4ED496572B2ACEF300BE66F4 /* Coingecko-AppUITests.xctest */;
			productType = "com.apple.product-type.bundle.ui-testing";
		};
/* End PBXNativeTarget section */

/* Begin PBXProject section */
		4ED496352B2ACEF000BE66F4 /* Project object */ = {
			isa = PBXProject;
			attributes = {
				BuildIndependentTargetsInParallel = 1;
				LastSwiftUpdateCheck = 1420;
				LastUpgradeCheck = 1420;
				TargetAttributes = {
					4ED4963C2B2ACEF000BE66F4 = {
						CreatedOnToolsVersion = 14.2;
					};
					4ED4964C2B2ACEF300BE66F4 = {
						CreatedOnToolsVersion = 14.2;
						TestTargetID = 4ED4963C2B2ACEF000BE66F4;
					};
					4ED496562B2ACEF300BE66F4 = {
						CreatedOnToolsVersion = 14.2;
						TestTargetID = 4ED4963C2B2ACEF000BE66F4;
					};
				};
			};
			buildConfigurationList = 4ED496382B2ACEF000BE66F4 /* Build configuration list for PBXProject "Coingecko-App" */;
			compatibilityVersion = "Xcode 14.0";
			developmentRegion = en;
			hasScannedForEncodings = 0;
			knownRegions = (
				en,
				Base,
			);
			mainGroup = 4ED496342B2ACEF000BE66F4;
			productRefGroup = 4ED4963E2B2ACEF000BE66F4 /* Products */;
			projectDirPath = "";
			projectRoot = "";
			targets = (
				4ED4963C2B2ACEF000BE66F4 /* Coingecko-App */,
				4ED4964C2B2ACEF300BE66F4 /* Coingecko-AppTests */,
				4ED496562B2ACEF300BE66F4 /* Coingecko-AppUITests */,
			);
		};
/* End PBXProject section */

/* Begin PBXResourcesBuildPhase section */
		4ED4963B2B2ACEF000BE66F4 /* Resources */ = {
			isa = PBXResourcesBuildPhase;
			buildActionMask = 2147483647;
			files = (
				4ED496482B2ACEF300BE66F4 /* Preview Assets.xcassets in Resources */,
				4ED496452B2ACEF300BE66F4 /* Assets.xcassets in Resources */,
			);
			runOnlyForDeploymentPostprocessing = 0;
		};
		4ED4964B2B2ACEF300BE66F4 /* Resources */ = {
			isa = PBXResourcesBuildPhase;
			buildActionMask = 2147483647;
			files = (
			);
			runOnlyForDeploymentPostprocessing = 0;
		};
		4ED496552B2ACEF300BE66F4 /* Resources */ = {
			isa = PBXResourcesBuildPhase;
			buildActionMask = 2147483647;
			files = (
			);
			runOnlyForDeploymentPostprocessing = 0;
		};
/* End PBXResourcesBuildPhase section */

/* Begin PBXSourcesBuildPhase section */
		4ED496392B2ACEF000BE66F4 /* Sources */ = {
			isa = PBXSourcesBuildPhase;
			buildActionMask = 2147483647;
			files = (
				4E7A44692B6EDA23008A298C /* CoinAPIError.swift in Sources */,
				4E3FF8F92B2D73C500A59721 /* CoinDataService.swift in Sources */,
				4ED496722B2AD6C400BE66F4 /* CoinsViewModel.swift in Sources */,
				4ED496432B2ACEF000BE66F4 /* ContentView.swift in Sources */,
				4E68A8F72B6B852D00BA7317 /* Coin.swift in Sources */,
				4ED496412B2ACEF000BE66F4 /* Coingecko_App.swift in Sources */,
			);
			runOnlyForDeploymentPostprocessing = 0;
		};
		4ED496492B2ACEF300BE66F4 /* Sources */ = {
			isa = PBXSourcesBuildPhase;
			buildActionMask = 2147483647;
			files = (
				4ED496522B2ACEF300BE66F4 /* Coingecko_AppTests.swift in Sources */,
			);
			runOnlyForDeploymentPostprocessing = 0;
		};
		4ED496532B2ACEF300BE66F4 /* Sources */ = {
			isa = PBXSourcesBuildPhase;
			buildActionMask = 2147483647;
			files = (
				4ED4965C2B2ACEF300BE66F4 /* Coingecko_AppUITests.swift in Sources */,
				4ED4965E2B2ACEF300BE66F4 /* Coingecko_AppUITestsLaunchTests.swift in Sources */,
			);
			runOnlyForDeploymentPostprocessing = 0;
		};
/* End PBXSourcesBuildPhase section */

/* Begin PBXTargetDependency section */
		4ED4964F2B2ACEF300BE66F4 /* PBXTargetDependency */ = {
			isa = PBXTargetDependency;
			target = 4ED4963C2B2ACEF000BE66F4 /* Coingecko-App */;
			targetProxy = 4ED4964E2B2ACEF300BE66F4 /* PBXContainerItemProxy */;
		};
		4ED496592B2ACEF300BE66F4 /* PBXTargetDependency */ = {
			isa = PBXTargetDependency;
			target = 4ED4963C2B2ACEF000BE66F4 /* Coingecko-App */;
			targetProxy = 4ED496582B2ACEF300BE66F4 /* PBXContainerItemProxy */;
		};
/* End PBXTargetDependency section */

/* Begin XCBuildConfiguration section */
		4ED4965F2B2ACEF300BE66F4 /* Debug */ = {
			isa = XCBuildConfiguration;
			buildSettings = {
				ALWAYS_SEARCH_USER_PATHS = NO;
				CLANG_ANALYZER_NONNULL = YES;
				CLANG_ANALYZER_NUMBER_OBJECT_CONVERSION = YES_AGGRESSIVE;
				CLANG_CXX_LANGUAGE_STANDARD = "gnu++20";
				CLANG_ENABLE_MODULES = YES;
				CLANG_ENABLE_OBJC_ARC = YES;
				CLANG_ENABLE_OBJC_WEAK = YES;
				CLANG_WARN_BLOCK_CAPTURE_AUTORELEASING = YES;
				CLANG_WARN_BOOL_CONVERSION = YES;
				CLANG_WARN_COMMA = YES;
				CLANG_WARN_CONSTANT_CONVERSION = YES;
				CLANG_WARN_DEPRECATED_OBJC_IMPLEMENTATIONS = YES;
				CLANG_WARN_DIRECT_OBJC_ISA_USAGE = YES_ERROR;
				CLANG_WARN_DOCUMENTATION_COMMENTS = YES;
				CLANG_WARN_EMPTY_BODY = YES;
				CLANG_WARN_ENUM_CONVERSION = YES;
				CLANG_WARN_INFINITE_RECURSION = YES;
				CLANG_WARN_INT_CONVERSION = YES;
				CLANG_WARN_NON_LITERAL_NULL_CONVERSION = YES;
				CLANG_WARN_OBJC_IMPLICIT_RETAIN_SELF = YES;
				CLANG_WARN_OBJC_LITERAL_CONVERSION = YES;
				CLANG_WARN_OBJC_ROOT_CLASS = YES_ERROR;
				CLANG_WARN_QUOTED_INCLUDE_IN_FRAMEWORK_HEADER = YES;
				CLANG_WARN_RANGE_LOOP_ANALYSIS = YES;
				CLANG_WARN_STRICT_PROTOTYPES = YES;
				CLANG_WARN_SUSPICIOUS_MOVE = YES;
				CLANG_WARN_UNGUARDED_AVAILABILITY = YES_AGGRESSIVE;
				CLANG_WARN_UNREACHABLE_CODE = YES;
				CLANG_WARN__DUPLICATE_METHOD_MATCH = YES;
				COPY_PHASE_STRIP = NO;
				DEBUG_INFORMATION_FORMAT = dwarf;
				ENABLE_STRICT_OBJC_MSGSEND = YES;
				ENABLE_TESTABILITY = YES;
				GCC_C_LANGUAGE_STANDARD = gnu11;
				GCC_DYNAMIC_NO_PIC = NO;
				GCC_NO_COMMON_BLOCKS = YES;
				GCC_OPTIMIZATION_LEVEL = 0;
				GCC_PREPROCESSOR_DEFINITIONS = (
					"DEBUG=1",
					"$(inherited)",
				);
				GCC_WARN_64_TO_32_BIT_CONVERSION = YES;
				GCC_WARN_ABOUT_RETURN_TYPE = YES_ERROR;
				GCC_WARN_UNDECLARED_SELECTOR = YES;
				GCC_WARN_UNINITIALIZED_AUTOS = YES_AGGRESSIVE;
				GCC_WARN_UNUSED_FUNCTION = YES;
				GCC_WARN_UNUSED_VARIABLE = YES;
				IPHONEOS_DEPLOYMENT_TARGET = 16.2;
				MTL_ENABLE_DEBUG_INFO = INCLUDE_SOURCE;
				MTL_FAST_MATH = YES;
				ONLY_ACTIVE_ARCH = YES;
				SDKROOT = iphoneos;
				SWIFT_ACTIVE_COMPILATION_CONDITIONS = DEBUG;
				SWIFT_OPTIMIZATION_LEVEL = "-Onone";
			};
			name = Debug;
		};
		4ED496602B2ACEF300BE66F4 /* Release */ = {
			isa = XCBuildConfiguration;
			buildSettings = {
				ALWAYS_SEARCH_USER_PATHS = NO;
				CLANG_ANALYZER_NONNULL = YES;
				CLANG_ANALYZER_NUMBER_OBJECT_CONVERSION = YES_AGGRESSIVE;
				CLANG_CXX_LANGUAGE_STANDARD = "gnu++20";
				CLANG_ENABLE_MODULES = YES;
				CLANG_ENABLE_OBJC_ARC = YES;
				CLANG_ENABLE_OBJC_WEAK = YES;
				CLANG_WARN_BLOCK_CAPTURE_AUTORELEASING = YES;
				CLANG_WARN_BOOL_CONVERSION = YES;
				CLANG_WARN_COMMA = YES;
				CLANG_WARN_CONSTANT_CONVERSION = YES;
				CLANG_WARN_DEPRECATED_OBJC_IMPLEMENTATIONS = YES;
				CLANG_WARN_DIRECT_OBJC_ISA_USAGE = YES_ERROR;
				CLANG_WARN_DOCUMENTATION_COMMENTS = YES;
				CLANG_WARN_EMPTY_BODY = YES;
				CLANG_WARN_ENUM_CONVERSION = YES;
				CLANG_WARN_INFINITE_RECURSION = YES;
				CLANG_WARN_INT_CONVERSION = YES;
				CLANG_WARN_NON_LITERAL_NULL_CONVERSION = YES;
				CLANG_WARN_OBJC_IMPLICIT_RETAIN_SELF = YES;
				CLANG_WARN_OBJC_LITERAL_CONVERSION = YES;
				CLANG_WARN_OBJC_ROOT_CLASS = YES_ERROR;
				CLANG_WARN_QUOTED_INCLUDE_IN_FRAMEWORK_HEADER = YES;
				CLANG_WARN_RANGE_LOOP_ANALYSIS = YES;
				CLANG_WARN_STRICT_PROTOTYPES = YES;
				CLANG_WARN_SUSPICIOUS_MOVE = YES;
				CLANG_WARN_UNGUARDED_AVAILABILITY = YES_AGGRESSIVE;
				CLANG_WARN_UNREACHABLE_CODE = YES;
				CLANG_WARN__DUPLICATE_METHOD_MATCH = YES;
				COPY_PHASE_STRIP = NO;
				DEBUG_INFORMATION_FORMAT = "dwarf-with-dsym";
				ENABLE_NS_ASSERTIONS = NO;
				ENABLE_STRICT_OBJC_MSGSEND = YES;
				GCC_C_LANGUAGE_STANDARD = gnu11;
				GCC_NO_COMMON_BLOCKS = YES;
				GCC_WARN_64_TO_32_BIT_CONVERSION = YES;
				GCC_WARN_ABOUT_RETURN_TYPE = YES_ERROR;
				GCC_WARN_UNDECLARED_SELECTOR = YES;
				GCC_WARN_UNINITIALIZED_AUTOS = YES_AGGRESSIVE;
				GCC_WARN_UNUSED_FUNCTION = YES;
				GCC_WARN_UNUSED_VARIABLE = YES;
				IPHONEOS_DEPLOYMENT_TARGET = 16.2;
				MTL_ENABLE_DEBUG_INFO = NO;
				MTL_FAST_MATH = YES;
				SDKROOT = iphoneos;
				SWIFT_COMPILATION_MODE = wholemodule;
				SWIFT_OPTIMIZATION_LEVEL = "-O";
				VALIDATE_PRODUCT = YES;
			};
			name = Release;
		};
		4ED496622B2ACEF300BE66F4 /* Debug */ = {
			isa = XCBuildConfiguration;
			buildSettings = {
				ASSETCATALOG_COMPILER_APPICON_NAME = AppIcon;
				ASSETCATALOG_COMPILER_GLOBAL_ACCENT_COLOR_NAME = AccentColor;
				CODE_SIGN_STYLE = Automatic;
				CURRENT_PROJECT_VERSION = 1;
				DEVELOPMENT_ASSET_PATHS = "\"Coingecko-App/Preview Content\"";
				ENABLE_PREVIEWS = YES;
				GENERATE_INFOPLIST_FILE = YES;
				INFOPLIST_KEY_UIApplicationSceneManifest_Generation = YES;
				INFOPLIST_KEY_UIApplicationSupportsIndirectInputEvents = YES;
				INFOPLIST_KEY_UILaunchScreen_Generation = YES;
				INFOPLIST_KEY_UISupportedInterfaceOrientations_iPad = "UIInterfaceOrientationPortrait UIInterfaceOrientationPortraitUpsideDown UIInterfaceOrientationLandscapeLeft UIInterfaceOrientationLandscapeRight";
				INFOPLIST_KEY_UISupportedInterfaceOrientations_iPhone = "UIInterfaceOrientationPortrait UIInterfaceOrientationLandscapeLeft UIInterfaceOrientationLandscapeRight";
				LD_RUNPATH_SEARCH_PATHS = (
					"$(inherited)",
					"@executable_path/Frameworks",
				);
				MARKETING_VERSION = 1.0;
				PRODUCT_BUNDLE_IDENTIFIER = "com.example.Coingecko-App";
				PRODUCT_NAME = "$(TARGET_NAME)";
				SWIFT_EMIT_LOC_STRINGS = YES;
				SWIFT_VERSION = 5.0;
				TARGETED_DEVICE_FAMILY = "1,2";
			};
			name = Debug;
		};
		4ED496632B2ACEF300BE66F4 /* Release */ = {
			isa = XCBuildConfiguration;
			buildSettings = {
				ASSETCATALOG_COMPILER_APPICON_NAME = AppIcon;
				ASSETCATALOG_COMPILER_GLOBAL_ACCENT_COLOR_NAME = AccentColor;
				CODE_SIGN_STYLE = Automatic;
				CURRENT_PROJECT_VERSION = 1;
				DEVELOPMENT_ASSET_PATHS = "\"Coingecko-App/Preview Content\"";
				ENABLE_PREVIEWS = YES;
				GENERATE_INFOPLIST_FILE = YES;
				INFOPLIST_KEY_UIApplicationSceneManifest_Generation = YES;
				INFOPLIST_KEY_UIApplicationSupportsIndirectInputEvents = YES;
				INFOPLIST_KEY_UILaunchScreen_Generation = YES;
				INFOPLIST_KEY_UISupportedInterfaceOrientations_iPad = "UIInterfaceOrientationPortrait UIInterfaceOrientationPortraitUpsideDown UIInterfaceOrientationLandscapeLeft UIInterfaceOrientationLandscapeRight";
				INFOPLIST_KEY_UISupportedInterfaceOrientations_iPhone = "UIInterfaceOrientationPortrait UIInterfaceOrientationLandscapeLeft UIInterfaceOrientationLandscapeRight";
				LD_RUNPATH_SEARCH_PATHS = (
					"$(inherited)",
					"@executable_path/Frameworks",
				);
				MARKETING_VERSION = 1.0;
				PRODUCT_BUNDLE_IDENTIFIER = "com.example.Coingecko-App";
				PRODUCT_NAME = "$(TARGET_NAME)";
				SWIFT_EMIT_LOC_STRINGS = YES;
				SWIFT_VERSION = 5.0;
				TARGETED_DEVICE_FAMILY = "1,2";
			};
			name = Release;
		};
		4ED496652B2ACEF300BE66F4 /* Debug */ = {
			isa = XCBuildConfiguration;
			buildSettings = {
				ALWAYS_EMBED_SWIFT_STANDARD_LIBRARIES = YES;
				BUNDLE_LOADER = "$(TEST_HOST)";
				CODE_SIGN_STYLE = Automatic;
				CURRENT_PROJECT_VERSION = 1;
				GENERATE_INFOPLIST_FILE = YES;
				IPHONEOS_DEPLOYMENT_TARGET = 16.2;
				MARKETING_VERSION = 1.0;
				PRODUCT_BUNDLE_IDENTIFIER = "com.example.Coingecko-AppTests";
				PRODUCT_NAME = "$(TARGET_NAME)";
				SWIFT_EMIT_LOC_STRINGS = NO;
				SWIFT_VERSION = 5.0;
				TARGETED_DEVICE_FAMILY = "1,2";
				TEST_HOST = "$(BUILT_PRODUCTS_DIR)/Coingecko-App.app/$(BUNDLE_EXECUTABLE_FOLDER_PATH)/Coingecko-App";
			};
			name = Debug;
		};
		4ED496662B2ACEF300BE66F4 /* Release */ = {
			isa = XCBuildConfiguration;
			buildSettings = {
				ALWAYS_EMBED_SWIFT_STANDARD_LIBRARIES = YES;
				BUNDLE_LOADER = "$(TEST_HOST)";
				CODE_SIGN_STYLE = Automatic;
				CURRENT_PROJECT_VERSION = 1;
				GENERATE_INFOPLIST_FILE = YES;
				IPHONEOS_DEPLOYMENT_TARGET = 16.2;
				MARKETING_VERSION = 1.0;
				PRODUCT_BUNDLE_IDENTIFIER = "com.example.Coingecko-AppTests";
				PRODUCT_NAME = "$(TARGET_NAME)";
				SWIFT_EMIT_LOC_STRINGS = NO;
				SWIFT_VERSION = 5.0;
				TARGETED_DEVICE_FAMILY = "1,2";
				TEST_HOST = "$(BUILT_PRODUCTS_DIR)/Coingecko-App.app/$(BUNDLE_EXECUTABLE_FOLDER_PATH)/Coingecko-App";
			};
			name = Release;
		};
		4ED496682B2ACEF300BE66F4 /* Debug */ = {
			isa = XCBuildConfiguration;
			buildSettings = {
				ALWAYS_EMBED_SWIFT_STANDARD_LIBRARIES = YES;
				CODE_SIGN_STYLE = Automatic;
				CURRENT_PROJECT_VERSION = 1;
				GENERATE_INFOPLIST_FILE = YES;
				MARKETING_VERSION = 1.0;
				PRODUCT_BUNDLE_IDENTIFIER = "com.example.Coingecko-AppUITests";
				PRODUCT_NAME = "$(TARGET_NAME)";
				SWIFT_EMIT_LOC_STRINGS = NO;
				SWIFT_VERSION = 5.0;
				TARGETED_DEVICE_FAMILY = "1,2";
				TEST_TARGET_NAME = "Coingecko-App";
			};
			name = Debug;
		};
		4ED496692B2ACEF300BE66F4 /* Release */ = {
			isa = XCBuildConfiguration;
			buildSettings = {
				ALWAYS_EMBED_SWIFT_STANDARD_LIBRARIES = YES;
				CODE_SIGN_STYLE = Automatic;
				CURRENT_PROJECT_VERSION = 1;
				GENERATE_INFOPLIST_FILE = YES;
				MARKETING_VERSION = 1.0;
				PRODUCT_BUNDLE_IDENTIFIER = "com.example.Coingecko-AppUITests";
				PRODUCT_NAME = "$(TARGET_NAME)";
				SWIFT_EMIT_LOC_STRINGS = NO;
				SWIFT_VERSION = 5.0;
				TARGETED_DEVICE_FAMILY = "1,2";
				TEST_TARGET_NAME = "Coingecko-App";
			};
			name = Release;
		};
/* End XCBuildConfiguration section */

/* Begin XCConfigurationList section */
		4ED496382B2ACEF000BE66F4 /* Build configuration list for PBXProject "Coingecko-App" */ = {
			isa = XCConfigurationList;
			buildConfigurations = (
				4ED4965F2B2ACEF300BE66F4 /* Debug */,
				4ED496602B2ACEF300BE66F4 /* Release */,
			);
			defaultConfigurationIsVisible = 0;
			defaultConfigurationName = Release;
		};
		4ED496612B2ACEF300BE66F4 /* Build configuration list for PBXNativeTarget "Coingecko-App" */ = {
			isa = XCConfigurationList;
			buildConfigurations = (
				4ED496622B2ACEF300BE66F4 /* Debug */,
				4ED496632B2ACEF300BE66F4 /* Release */,
			);
			defaultConfigurationIsVisible = 0;
			defaultConfigurationName = Release;
		};
		4ED496642B2ACEF300BE66F4 /* Build configuration list for PBXNativeTarget "Coingecko-AppTests" */ = {
			isa = XCConfigurationList;
			buildConfigurations = (
				4ED496652B2ACEF300BE66F4 /* Debug */,
				4ED496662B2ACEF300BE66F4 /* Release */,
			);
			defaultConfigurationIsVisible = 0;
			defaultConfigurationName = Release;
		};
		4ED496672B2ACEF300BE66F4 /* Build configuration list for PBXNativeTarget "Coingecko-AppUITests" */ = {
			isa = XCConfigurationList;
			buildConfigurations = (
				4ED496682B2ACEF300BE66F4 /* Debug */,
				4ED496692B2ACEF300BE66F4 /* Release */,
			);
			defaultConfigurationIsVisible = 0;
			defaultConfigurationName = Release;
		};
/* End XCConfigurationList section */
	};
	rootObject = 4ED496352B2ACEF000BE66F4 /* Project object */;
}
